
Microsoft Visual Studio Solution File, Format Version 12.00
# Visual Studio Version 17
VisualStudioVersion = 17.9.34728.123
MinimumVisualStudioVersion = 10.0.40219.1
Project("{FAE04EC0-301F-11D3-BF4B-00C04F79EFBC}") = "Contactly", "Contactly.csproj", "{600A726F-642C-47EF-AE7F-E5F617460376}"
EndProject
Global
	GlobalSection(SolutionConfigurationPlatforms) = preSolution
		Debug|Any CPU = Debug|Any CPU
		Release|Any CPU = Release|Any CPU
	EndGlobalSection
	GlobalSection(ProjectConfigurationPlatforms) = postSolution
		{600A726F-642C-47EF-AE7F-E5F617460376}.Debug|Any CPU.ActiveCfg = Debug|Any CPU
		{600A726F-642C-47EF-AE7F-E5F617460376}.Debug|Any CPU.Build.0 = Debug|Any CPU
		{600A726F-642C-47EF-AE7F-E5F617460376}.Release|Any CPU.ActiveCfg = Release|Any CPU
		{600A726F-642C-47EF-AE7F-E5F617460376}.Release|Any CPU.Build.0 = Release|Any CPU
	EndGlobalSection
	GlobalSection(SolutionProperties) = preSolution
		HideSolutionNode = FALSE
	EndGlobalSection
	GlobalSection(ExtensibilityGlobals) = postSolution
		SolutionGuid = {0C3F868B-610E-4B8C-8A9E-0BA74866694E}
	EndGlobalSection
EndGlobal
